
Microsoft Visual Studio Solution File, Format Version 12.00
# Visual Studio 14
VisualStudioVersion = 14.0.25420.1
MinimumVisualStudioVersion = 10.0.40219.1
Project("{FAE04EC0-301F-11D3-BF4B-00C04F79EFBC}") = "Restaurant", "Restaurant\Restaurant.csproj", "{DD7444A4-0404-4280-A144-A9F226FFD9D6}"
EndProject
Project("{FAE04EC0-301F-11D3-BF4B-00C04F79EFBC}") = "DataModel", "DataModel\DataModel.csproj", "{6FEA5D51-3688-46BE-A19A-AEA512F7DF6F}"
EndProject
Project("{FAE04EC0-301F-11D3-BF4B-00C04F79EFBC}") = "BusinessLogic", "BusinessLogic\BusinessLogic.csproj", "{12E68961-F2DA-44FF-B66C-F383837874DA}"
EndProject
Global
	GlobalSection(SolutionConfigurationPlatforms) = preSolution
		Debug|Any CPU = Debug|Any CPU
		Release|Any CPU = Release|Any CPU
	EndGlobalSection
	GlobalSection(ProjectConfigurationPlatforms) = postSolution
		{DD7444A4-0404-4280-A144-A9F226FFD9D6}.Debug|Any CPU.ActiveCfg = Debug|Any CPU
		{DD7444A4-0404-4280-A144-A9F226FFD9D6}.Debug|Any CPU.Build.0 = Debug|Any CPU
		{DD7444A4-0404-4280-A144-A9F226FFD9D6}.Release|Any CPU.ActiveCfg = Release|Any CPU
		{DD7444A4-0404-4280-A144-A9F226FFD9D6}.Release|Any CPU.Build.0 = Release|Any CPU
		{6FEA5D51-3688-46BE-A19A-AEA512F7DF6F}.Debug|Any CPU.ActiveCfg = Debug|Any CPU
		{6FEA5D51-3688-46BE-A19A-AEA512F7DF6F}.Debug|Any CPU.Build.0 = Debug|Any CPU
		{6FEA5D51-3688-46BE-A19A-AEA512F7DF6F}.Release|Any CPU.ActiveCfg = Release|Any CPU
		{6FEA5D51-3688-46BE-A19A-AEA512F7DF6F}.Release|Any CPU.Build.0 = Release|Any CPU
		{12E68961-F2DA-44FF-B66C-F383837874DA}.Debug|Any CPU.ActiveCfg = Debug|Any CPU
		{12E68961-F2DA-44FF-B66C-F383837874DA}.Debug|Any CPU.Build.0 = Debug|Any CPU
		{12E68961-F2DA-44FF-B66C-F383837874DA}.Release|Any CPU.ActiveCfg = Release|Any CPU
		{12E68961-F2DA-44FF-B66C-F383837874DA}.Release|Any CPU.Build.0 = Release|Any CPU
	EndGlobalSection
	GlobalSection(SolutionProperties) = preSolution
		HideSolutionNode = FALSE
	EndGlobalSection
EndGlobal
